
Microsoft Visual Studio Solution File, Format Version 12.00
# Visual Studio Version 16
VisualStudioVersion = 16.0.31613.86
MinimumVisualStudioVersion = 10.0.40219.1
Project("{FAE04EC0-301F-11D3-BF4B-00C04F79EFBC}") = "lab2", "lab2\lab2.csproj", "{03EDD704-7F39-4E86-B3F3-02E8148FD035}"
EndProject
Global
	GlobalSection(SolutionConfigurationPlatforms) = preSolution
		Debug|Any CPU = Debug|Any CPU
		Release|Any CPU = Release|Any CPU
	EndGlobalSection
	GlobalSection(ProjectConfigurationPlatforms) = postSolution
		{03EDD704-7F39-4E86-B3F3-02E8148FD035}.Debug|Any CPU.ActiveCfg = Debug|Any CPU
		{03EDD704-7F39-4E86-B3F3-02E8148FD035}.Debug|Any CPU.Build.0 = Debug|Any CPU
		{03EDD704-7F39-4E86-B3F3-02E8148FD035}.Release|Any CPU.ActiveCfg = Release|Any CPU
		{03EDD704-7F39-4E86-B3F3-02E8148FD035}.Release|Any CPU.Build.0 = Release|Any CPU
	EndGlobalSection
	GlobalSection(SolutionProperties) = preSolution
		HideSolutionNode = FALSE
	EndGlobalSection
	GlobalSection(ExtensibilityGlobals) = postSolution
		SolutionGuid = {24F2C151-F215-4EFA-8EF9-AAE107D3F102}
	EndGlobalSection
EndGlobal
